// !$*UTF8*$!
{
	archiveVersion = 1;
	classes = {
	};
	objectVersion = 56;
	objects = {

/* Begin PBXBuildFile section */
		992276F428FF7C56007BD516 /* FructusApp.swift in Sources */ = {isa = PBXBuildFile; fileRef = 992276F328FF7C56007BD516 /* FructusApp.swift */; };
		992276F628FF7C56007BD516 /* ContentView.swift in Sources */ = {isa = PBXBuildFile; fileRef = 992276F528FF7C56007BD516 /* ContentView.swift */; };
		992276F828FF7C57007BD516 /* Assets.xcassets in Resources */ = {isa = PBXBuildFile; fileRef = 992276F728FF7C57007BD516 /* Assets.xcassets */; };
		992276FB28FF7C57007BD516 /* Preview Assets.xcassets in Resources */ = {isa = PBXBuildFile; fileRef = 992276FA28FF7C57007BD516 /* Preview Assets.xcassets */; };
		9922770429006A5A007BD516 /* FruitCardView.swift in Sources */ = {isa = PBXBuildFile; fileRef = 9922770329006A5A007BD516 /* FruitCardView.swift */; };
		992277062901D675007BD516 /* StartButtonView.swift in Sources */ = {isa = PBXBuildFile; fileRef = 992277052901D675007BD516 /* StartButtonView.swift */; };
		99A161B52A83085500215758 /* FruitsNutrientsView.swift in Sources */ = {isa = PBXBuildFile; fileRef = 99A161B42A83085500215758 /* FruitsNutrientsView.swift */; };
		99A161B92A83DD4400215758 /* SettingsView.swift in Sources */ = {isa = PBXBuildFile; fileRef = 99A161B82A83DD4400215758 /* SettingsView.swift */; };
		99A161BB2A8BB9AA00215758 /* SettingsLabelView.swift in Sources */ = {isa = PBXBuildFile; fileRef = 99A161BA2A8BB9AA00215758 /* SettingsLabelView.swift */; };
		99B53130290A0D3B0020F984 /* OnboardingView.swift in Sources */ = {isa = PBXBuildFile; fileRef = 99B5312F290A0D3B0020F984 /* OnboardingView.swift */; };
		99B53133290AAD000020F984 /* FruitModel.swift in Sources */ = {isa = PBXBuildFile; fileRef = 99B53132290AAD000020F984 /* FruitModel.swift */; };
		99B53136290AAE110020F984 /* FruitData.swift in Sources */ = {isa = PBXBuildFile; fileRef = 99B53135290AAE110020F984 /* FruitData.swift */; };
		99B53138290B56660020F984 /* FruitRowView.swift in Sources */ = {isa = PBXBuildFile; fileRef = 99B53137290B56660020F984 /* FruitRowView.swift */; };
		99B5313A290C01E00020F984 /* FruitDetailView.swift in Sources */ = {isa = PBXBuildFile; fileRef = 99B53139290C01E00020F984 /* FruitDetailView.swift */; };
		99B5313C290C08A00020F984 /* FruitHeaderView.swift in Sources */ = {isa = PBXBuildFile; fileRef = 99B5313B290C08A00020F984 /* FruitHeaderView.swift */; };
		99B5313E290C93B00020F984 /* SourceLinkView.swift in Sources */ = {isa = PBXBuildFile; fileRef = 99B5313D290C93B00020F984 /* SourceLinkView.swift */; };
/* End PBXBuildFile section */

/* Begin PBXFileReference section */
		992276F028FF7C56007BD516 /* Fructus.app */ = {isa = PBXFileReference; explicitFileType = wrapper.application; includeInIndex = 0; path = Fructus.app; sourceTree = BUILT_PRODUCTS_DIR; };
		992276F328FF7C56007BD516 /* FructusApp.swift */ = {isa = PBXFileReference; lastKnownFileType = sourcecode.swift; path = FructusApp.swift; sourceTree = "<group>"; };
		992276F528FF7C56007BD516 /* ContentView.swift */ = {isa = PBXFileReference; lastKnownFileType = sourcecode.swift; path = ContentView.swift; sourceTree = "<group>"; };
		992276F728FF7C57007BD516 /* Assets.xcassets */ = {isa = PBXFileReference; lastKnownFileType = folder.assetcatalog; path = Assets.xcassets; sourceTree = "<group>"; };
		992276FA28FF7C57007BD516 /* Preview Assets.xcassets */ = {isa = PBXFileReference; lastKnownFileType = folder.assetcatalog; path = "Preview Assets.xcassets"; sourceTree = "<group>"; };
		9922770329006A5A007BD516 /* FruitCardView.swift */ = {isa = PBXFileReference; lastKnownFileType = sourcecode.swift; path = FruitCardView.swift; sourceTree = "<group>"; };
		992277052901D675007BD516 /* StartButtonView.swift */ = {isa = PBXFileReference; lastKnownFileType = sourcecode.swift; path = StartButtonView.swift; sourceTree = "<group>"; };
		99A161B42A83085500215758 /* FruitsNutrientsView.swift */ = {isa = PBXFileReference; lastKnownFileType = sourcecode.swift; path = FruitsNutrientsView.swift; sourceTree = "<group>"; };
		99A161B82A83DD4400215758 /* SettingsView.swift */ = {isa = PBXFileReference; lastKnownFileType = sourcecode.swift; path = SettingsView.swift; sourceTree = "<group>"; };
		99A161BA2A8BB9AA00215758 /* SettingsLabelView.swift */ = {isa = PBXFileReference; lastKnownFileType = sourcecode.swift; path = SettingsLabelView.swift; sourceTree = "<group>"; };
		99B5312F290A0D3B0020F984 /* OnboardingView.swift */ = {isa = PBXFileReference; lastKnownFileType = sourcecode.swift; path = OnboardingView.swift; sourceTree = "<group>"; };
		99B53132290AAD000020F984 /* FruitModel.swift */ = {isa = PBXFileReference; lastKnownFileType = sourcecode.swift; path = FruitModel.swift; sourceTree = "<group>"; };
		99B53135290AAE110020F984 /* FruitData.swift */ = {isa = PBXFileReference; lastKnownFileType = sourcecode.swift; path = FruitData.swift; sourceTree = "<group>"; };
		99B53137290B56660020F984 /* FruitRowView.swift */ = {isa = PBXFileReference; lastKnownFileType = sourcecode.swift; path = FruitRowView.swift; sourceTree = "<group>"; };
		99B53139290C01E00020F984 /* FruitDetailView.swift */ = {isa = PBXFileReference; lastKnownFileType = sourcecode.swift; path = FruitDetailView.swift; sourceTree = "<group>"; };
		99B5313B290C08A00020F984 /* FruitHeaderView.swift */ = {isa = PBXFileReference; lastKnownFileType = sourcecode.swift; path = FruitHeaderView.swift; sourceTree = "<group>"; };
		99B5313D290C93B00020F984 /* SourceLinkView.swift */ = {isa = PBXFileReference; lastKnownFileType = sourcecode.swift; path = SourceLinkView.swift; sourceTree = "<group>"; };
/* End PBXFileReference section */

/* Begin PBXFrameworksBuildPhase section */
		992276ED28FF7C56007BD516 /* Frameworks */ = {
			isa = PBXFrameworksBuildPhase;
			buildActionMask = 2147483647;
			files = (
			);
			runOnlyForDeploymentPostprocessing = 0;
		};
/* End PBXFrameworksBuildPhase section */

/* Begin PBXGroup section */
		992276E728FF7C56007BD516 = {
			isa = PBXGroup;
			children = (
				992276F228FF7C56007BD516 /* Fructus */,
				992276F128FF7C56007BD516 /* Products */,
			);
			sourceTree = "<group>";
		};
		992276F128FF7C56007BD516 /* Products */ = {
			isa = PBXGroup;
			children = (
				992276F028FF7C56007BD516 /* Fructus.app */,
			);
			name = Products;
			sourceTree = "<group>";
		};
		992276F228FF7C56007BD516 /* Fructus */ = {
			isa = PBXGroup;
			children = (
				99B53134290AADDD0020F984 /* Data */,
				99B53131290AACD10020F984 /* Model */,
				9922770229006A34007BD516 /* View */,
				9922770129006A04007BD516 /* App */,
				992276F728FF7C57007BD516 /* Assets.xcassets */,
				992276F928FF7C57007BD516 /* Preview Content */,
			);
			path = Fructus;
			sourceTree = "<group>";
		};
		992276F928FF7C57007BD516 /* Preview Content */ = {
			isa = PBXGroup;
			children = (
				992276FA28FF7C57007BD516 /* Preview Assets.xcassets */,
			);
			path = "Preview Content";
			sourceTree = "<group>";
		};
		9922770129006A04007BD516 /* App */ = {
			isa = PBXGroup;
			children = (
				992276F328FF7C56007BD516 /* FructusApp.swift */,
				992276F528FF7C56007BD516 /* ContentView.swift */,
				99B5312F290A0D3B0020F984 /* OnboardingView.swift */,
				99B53139290C01E00020F984 /* FruitDetailView.swift */,
				99A161B82A83DD4400215758 /* SettingsView.swift */,
			);
			path = App;
			sourceTree = "<group>";
		};
		9922770229006A34007BD516 /* View */ = {
			isa = PBXGroup;
			children = (
				9922770329006A5A007BD516 /* FruitCardView.swift */,
				992277052901D675007BD516 /* StartButtonView.swift */,
				99B53137290B56660020F984 /* FruitRowView.swift */,
				99B5313B290C08A00020F984 /* FruitHeaderView.swift */,
				99B5313D290C93B00020F984 /* SourceLinkView.swift */,
				99A161B42A83085500215758 /* FruitsNutrientsView.swift */,
				99A161BA2A8BB9AA00215758 /* SettingsLabelView.swift */,
			);
			path = View;
			sourceTree = "<group>";
		};
		99B53131290AACD10020F984 /* Model */ = {
			isa = PBXGroup;
			children = (
				99B53132290AAD000020F984 /* FruitModel.swift */,
			);
			path = Model;
			sourceTree = "<group>";
		};
		99B53134290AADDD0020F984 /* Data */ = {
			isa = PBXGroup;
			children = (
				99B53135290AAE110020F984 /* FruitData.swift */,
			);
			path = Data;
			sourceTree = "<group>";
		};
/* End PBXGroup section */

/* Begin PBXNativeTarget section */
		992276EF28FF7C56007BD516 /* Fructus */ = {
			isa = PBXNativeTarget;
			buildConfigurationList = 992276FE28FF7C57007BD516 /* Build configuration list for PBXNativeTarget "Fructus" */;
			buildPhases = (
				992276EC28FF7C56007BD516 /* Sources */,
				992276ED28FF7C56007BD516 /* Frameworks */,
				992276EE28FF7C56007BD516 /* Resources */,
			);
			buildRules = (
			);
			dependencies = (
			);
			name = Fructus;
			productName = Fructus;
			productReference = 992276F028FF7C56007BD516 /* Fructus.app */;
			productType = "com.apple.product-type.application";
		};
/* End PBXNativeTarget section */

/* Begin PBXProject section */
		992276E828FF7C56007BD516 /* Project object */ = {
			isa = PBXProject;
			attributes = {
				BuildIndependentTargetsInParallel = 1;
				LastSwiftUpdateCheck = 1400;
				LastUpgradeCheck = 1400;
				TargetAttributes = {
					992276EF28FF7C56007BD516 = {
						CreatedOnToolsVersion = 14.0.1;
					};
				};
			};
			buildConfigurationList = 992276EB28FF7C56007BD516 /* Build configuration list for PBXProject "Fructus" */;
			compatibilityVersion = "Xcode 14.0";
			developmentRegion = en;
			hasScannedForEncodings = 0;
			knownRegions = (
				en,
				Base,
			);
			mainGroup = 992276E728FF7C56007BD516;
			productRefGroup = 992276F128FF7C56007BD516 /* Products */;
			projectDirPath = "";
			projectRoot = "";
			targets = (
				992276EF28FF7C56007BD516 /* Fructus */,
			);
		};
/* End PBXProject section */

/* Begin PBXResourcesBuildPhase section */
		992276EE28FF7C56007BD516 /* Resources */ = {
			isa = PBXResourcesBuildPhase;
			buildActionMask = 2147483647;
			files = (
				992276FB28FF7C57007BD516 /* Preview Assets.xcassets in Resources */,
				992276F828FF7C57007BD516 /* Assets.xcassets in Resources */,
			);
			runOnlyForDeploymentPostprocessing = 0;
		};
/* End PBXResourcesBuildPhase section */

/* Begin PBXSourcesBuildPhase section */
		992276EC28FF7C56007BD516 /* Sources */ = {
			isa = PBXSourcesBuildPhase;
			buildActionMask = 2147483647;
			files = (
				99B53136290AAE110020F984 /* FruitData.swift in Sources */,
				99B5313E290C93B00020F984 /* SourceLinkView.swift in Sources */,
				9922770429006A5A007BD516 /* FruitCardView.swift in Sources */,
				99B53138290B56660020F984 /* FruitRowView.swift in Sources */,
				992277062901D675007BD516 /* StartButtonView.swift in Sources */,
				99B5313A290C01E00020F984 /* FruitDetailView.swift in Sources */,
				992276F628FF7C56007BD516 /* ContentView.swift in Sources */,
				99B5313C290C08A00020F984 /* FruitHeaderView.swift in Sources */,
				99A161B52A83085500215758 /* FruitsNutrientsView.swift in Sources */,
				99B53130290A0D3B0020F984 /* OnboardingView.swift in Sources */,
				99A161BB2A8BB9AA00215758 /* SettingsLabelView.swift in Sources */,
				99B53133290AAD000020F984 /* FruitModel.swift in Sources */,
				992276F428FF7C56007BD516 /* FructusApp.swift in Sources */,
				99A161B92A83DD4400215758 /* SettingsView.swift in Sources */,
			);
			runOnlyForDeploymentPostprocessing = 0;
		};
/* End PBXSourcesBuildPhase section */

/* Begin XCBuildConfiguration section */
		992276FC28FF7C57007BD516 /* Debug */ = {
			isa = XCBuildConfiguration;
			buildSettings = {
				ALWAYS_SEARCH_USER_PATHS = NO;
				CLANG_ANALYZER_NONNULL = YES;
				CLANG_ANALYZER_NUMBER_OBJECT_CONVERSION = YES_AGGRESSIVE;
				CLANG_CXX_LANGUAGE_STANDARD = "gnu++20";
				CLANG_ENABLE_MODULES = YES;
				CLANG_ENABLE_OBJC_ARC = YES;
				CLANG_ENABLE_OBJC_WEAK = YES;
				CLANG_WARN_BLOCK_CAPTURE_AUTORELEASING = YES;
				CLANG_WARN_BOOL_CONVERSION = YES;
				CLANG_WARN_COMMA = YES;
				CLANG_WARN_CONSTANT_CONVERSION = YES;
				CLANG_WARN_DEPRECATED_OBJC_IMPLEMENTATIONS = YES;
				CLANG_WARN_DIRECT_OBJC_ISA_USAGE = YES_ERROR;
				CLANG_WARN_DOCUMENTATION_COMMENTS = YES;
				CLANG_WARN_EMPTY_BODY = YES;
				CLANG_WARN_ENUM_CONVERSION = YES;
				CLANG_WARN_INFINITE_RECURSION = YES;
				CLANG_WARN_INT_CONVERSION = YES;
				CLANG_WARN_NON_LITERAL_NULL_CONVERSION = YES;
				CLANG_WARN_OBJC_IMPLICIT_RETAIN_SELF = YES;
				CLANG_WARN_OBJC_LITERAL_CONVERSION = YES;
				CLANG_WARN_OBJC_ROOT_CLASS = YES_ERROR;
				CLANG_WARN_QUOTED_INCLUDE_IN_FRAMEWORK_HEADER = YES;
				CLANG_WARN_RANGE_LOOP_ANALYSIS = YES;
				CLANG_WARN_STRICT_PROTOTYPES = YES;
				CLANG_WARN_SUSPICIOUS_MOVE = YES;
				CLANG_WARN_UNGUARDED_AVAILABILITY = YES_AGGRESSIVE;
				CLANG_WARN_UNREACHABLE_CODE = YES;
				CLANG_WARN__DUPLICATE_METHOD_MATCH = YES;
				COPY_PHASE_STRIP = NO;
				DEBUG_INFORMATION_FORMAT = dwarf;
				ENABLE_STRICT_OBJC_MSGSEND = YES;
				ENABLE_TESTABILITY = YES;
				GCC_C_LANGUAGE_STANDARD = gnu11;
				GCC_DYNAMIC_NO_PIC = NO;
				GCC_NO_COMMON_BLOCKS = YES;
				GCC_OPTIMIZATION_LEVEL = 0;
				GCC_PREPROCESSOR_DEFINITIONS = (
					"DEBUG=1",
					"$(inherited)",
				);
				GCC_WARN_64_TO_32_BIT_CONVERSION = YES;
				GCC_WARN_ABOUT_RETURN_TYPE = YES_ERROR;
				GCC_WARN_UNDECLARED_SELECTOR = YES;
				GCC_WARN_UNINITIALIZED_AUTOS = YES_AGGRESSIVE;
				GCC_WARN_UNUSED_FUNCTION = YES;
				GCC_WARN_UNUSED_VARIABLE = YES;
				IPHONEOS_DEPLOYMENT_TARGET = 16.0;
				MTL_ENABLE_DEBUG_INFO = INCLUDE_SOURCE;
				MTL_FAST_MATH = YES;
				ONLY_ACTIVE_ARCH = YES;
				SDKROOT = iphoneos;
				SWIFT_ACTIVE_COMPILATION_CONDITIONS = DEBUG;
				SWIFT_OPTIMIZATION_LEVEL = "-Onone";
			};
			name = Debug;
		};
		992276FD28FF7C57007BD516 /* Release */ = {
			isa = XCBuildConfiguration;
			buildSettings = {
				ALWAYS_SEARCH_USER_PATHS = NO;
				CLANG_ANALYZER_NONNULL = YES;
				CLANG_ANALYZER_NUMBER_OBJECT_CONVERSION = YES_AGGRESSIVE;
				CLANG_CXX_LANGUAGE_STANDARD = "gnu++20";
				CLANG_ENABLE_MODULES = YES;
				CLANG_ENABLE_OBJC_ARC = YES;
				CLANG_ENABLE_OBJC_WEAK = YES;
				CLANG_WARN_BLOCK_CAPTURE_AUTORELEASING = YES;
				CLANG_WARN_BOOL_CONVERSION = YES;
				CLANG_WARN_COMMA = YES;
				CLANG_WARN_CONSTANT_CONVERSION = YES;
				CLANG_WARN_DEPRECATED_OBJC_IMPLEMENTATIONS = YES;
				CLANG_WARN_DIRECT_OBJC_ISA_USAGE = YES_ERROR;
				CLANG_WARN_DOCUMENTATION_COMMENTS = YES;
				CLANG_WARN_EMPTY_BODY = YES;
				CLANG_WARN_ENUM_CONVERSION = YES;
				CLANG_WARN_INFINITE_RECURSION = YES;
				CLANG_WARN_INT_CONVERSION = YES;
				CLANG_WARN_NON_LITERAL_NULL_CONVERSION = YES;
				CLANG_WARN_OBJC_IMPLICIT_RETAIN_SELF = YES;
				CLANG_WARN_OBJC_LITERAL_CONVERSION = YES;
				CLANG_WARN_OBJC_ROOT_CLASS = YES_ERROR;
				CLANG_WARN_QUOTED_INCLUDE_IN_FRAMEWORK_HEADER = YES;
				CLANG_WARN_RANGE_LOOP_ANALYSIS = YES;
				CLANG_WARN_STRICT_PROTOTYPES = YES;
				CLANG_WARN_SUSPICIOUS_MOVE = YES;
				CLANG_WARN_UNGUARDED_AVAILABILITY = YES_AGGRESSIVE;
				CLANG_WARN_UNREACHABLE_CODE = YES;
				CLANG_WARN__DUPLICATE_METHOD_MATCH = YES;
				COPY_PHASE_STRIP = NO;
				DEBUG_INFORMATION_FORMAT = "dwarf-with-dsym";
				ENABLE_NS_ASSERTIONS = NO;
				ENABLE_STRICT_OBJC_MSGSEND = YES;
				GCC_C_LANGUAGE_STANDARD = gnu11;
				GCC_NO_COMMON_BLOCKS = YES;
				GCC_WARN_64_TO_32_BIT_CONVERSION = YES;
				GCC_WARN_ABOUT_RETURN_TYPE = YES_ERROR;
				GCC_WARN_UNDECLARED_SELECTOR = YES;
				GCC_WARN_UNINITIALIZED_AUTOS = YES_AGGRESSIVE;
				GCC_WARN_UNUSED_FUNCTION = YES;
				GCC_WARN_UNUSED_VARIABLE = YES;
				IPHONEOS_DEPLOYMENT_TARGET = 16.0;
				MTL_ENABLE_DEBUG_INFO = NO;
				MTL_FAST_MATH = YES;
				SDKROOT = iphoneos;
				SWIFT_COMPILATION_MODE = wholemodule;
				SWIFT_OPTIMIZATION_LEVEL = "-O";
				VALIDATE_PRODUCT = YES;
			};
			name = Release;
		};
		992276FF28FF7C57007BD516 /* Debug */ = {
			isa = XCBuildConfiguration;
			buildSettings = {
				ASSETCATALOG_COMPILER_APPICON_NAME = AppIcon;
				ASSETCATALOG_COMPILER_GLOBAL_ACCENT_COLOR_NAME = AccentColor;
				CODE_SIGN_STYLE = Automatic;
				CURRENT_PROJECT_VERSION = 1;
				DEVELOPMENT_ASSET_PATHS = "\"Fructus/Preview Content\"";
				DEVELOPMENT_TEAM = W47693FP4B;
				ENABLE_PREVIEWS = YES;
				GENERATE_INFOPLIST_FILE = YES;
				INFOPLIST_KEY_UIApplicationSceneManifest_Generation = YES;
				INFOPLIST_KEY_UIApplicationSupportsIndirectInputEvents = YES;
				INFOPLIST_KEY_UILaunchScreen_Generation = YES;
				INFOPLIST_KEY_UISupportedInterfaceOrientations = UIInterfaceOrientationPortrait;
				INFOPLIST_KEY_UISupportedInterfaceOrientations_iPad = "UIInterfaceOrientationLandscapeLeft UIInterfaceOrientationLandscapeRight UIInterfaceOrientationPortrait UIInterfaceOrientationPortraitUpsideDown";
				LD_RUNPATH_SEARCH_PATHS = (
					"$(inherited)",
					"@executable_path/Frameworks",
				);
				MARKETING_VERSION = 1.0;
				PRODUCT_BUNDLE_IDENTIFIER = Alysson.Reis.Fructus;
				PRODUCT_NAME = "$(TARGET_NAME)";
				SWIFT_EMIT_LOC_STRINGS = YES;
				SWIFT_VERSION = 5.0;
				TARGETED_DEVICE_FAMILY = "1,2";
			};
			name = Debug;
		};
		9922770028FF7C57007BD516 /* Release */ = {
			isa = XCBuildConfiguration;
			buildSettings = {
				ASSETCATALOG_COMPILER_APPICON_NAME = AppIcon;
				ASSETCATALOG_COMPILER_GLOBAL_ACCENT_COLOR_NAME = AccentColor;
				CODE_SIGN_STYLE = Automatic;
				CURRENT_PROJECT_VERSION = 1;
				DEVELOPMENT_ASSET_PATHS = "\"Fructus/Preview Content\"";
				DEVELOPMENT_TEAM = W47693FP4B;
				ENABLE_PREVIEWS = YES;
				GENERATE_INFOPLIST_FILE = YES;
				INFOPLIST_KEY_UIApplicationSceneManifest_Generation = YES;
				INFOPLIST_KEY_UIApplicationSupportsIndirectInputEvents = YES;
				INFOPLIST_KEY_UILaunchScreen_Generation = YES;
				INFOPLIST_KEY_UISupportedInterfaceOrientations = UIInterfaceOrientationPortrait;
				INFOPLIST_KEY_UISupportedInterfaceOrientations_iPad = "UIInterfaceOrientationLandscapeLeft UIInterfaceOrientationLandscapeRight UIInterfaceOrientationPortrait UIInterfaceOrientationPortraitUpsideDown";
				LD_RUNPATH_SEARCH_PATHS = (
					"$(inherited)",
					"@executable_path/Frameworks",
				);
				MARKETING_VERSION = 1.0;
				PRODUCT_BUNDLE_IDENTIFIER = Alysson.Reis.Fructus;
				PRODUCT_NAME = "$(TARGET_NAME)";
				SWIFT_EMIT_LOC_STRINGS = YES;
				SWIFT_VERSION = 5.0;
				TARGETED_DEVICE_FAMILY = "1,2";
			};
			name = Release;
		};
/* End XCBuildConfiguration section */

/* Begin XCConfigurationList section */
		992276EB28FF7C56007BD516 /* Build configuration list for PBXProject "Fructus" */ = {
			isa = XCConfigurationList;
			buildConfigurations = (
				992276FC28FF7C57007BD516 /* Debug */,
				992276FD28FF7C57007BD516 /* Release */,
			);
			defaultConfigurationIsVisible = 0;
			defaultConfigurationName = Release;
		};
		992276FE28FF7C57007BD516 /* Build configuration list for PBXNativeTarget "Fructus" */ = {
			isa = XCConfigurationList;
			buildConfigurations = (
				992276FF28FF7C57007BD516 /* Debug */,
				9922770028FF7C57007BD516 /* Release */,
			);
			defaultConfigurationIsVisible = 0;
			defaultConfigurationName = Release;
		};
/* End XCConfigurationList section */
	};
	rootObject = 992276E828FF7C56007BD516 /* Project object */;
}
